// !$*UTF8*$!
{
	archiveVersion = 1;
	classes = {
	};
	objectVersion = 50;
	objects = {

/* Begin PBXBuildFile section */
		FA409A5F23E96B150027BD0F /* AppDelegate.swift in Sources */ = {isa = PBXBuildFile; fileRef = FA409A5E23E96B150027BD0F /* AppDelegate.swift */; };
		FA409A6123E96B150027BD0F /* SceneDelegate.swift in Sources */ = {isa = PBXBuildFile; fileRef = FA409A6023E96B150027BD0F /* SceneDelegate.swift */; };
		FA409A6323E96B150027BD0F /* ViewController.swift in Sources */ = {isa = PBXBuildFile; fileRef = FA409A6223E96B150027BD0F /* ViewController.swift */; };
		FA409A6623E96B150027BD0F /* Main.storyboard in Resources */ = {isa = PBXBuildFile; fileRef = FA409A6423E96B150027BD0F /* Main.storyboard */; };
		FA409A6823E96B160027BD0F /* Assets.xcassets in Resources */ = {isa = PBXBuildFile; fileRef = FA409A6723E96B160027BD0F /* Assets.xcassets */; };
		FA409A6B23E96B160027BD0F /* LaunchScreen.storyboard in Resources */ = {isa = PBXBuildFile; fileRef = FA409A6923E96B160027BD0F /* LaunchScreen.storyboard */; };
		FA409A7623E96B160027BD0F /* TestProjectTests.swift in Sources */ = {isa = PBXBuildFile; fileRef = FA409A7523E96B160027BD0F /* TestProjectTests.swift */; };
		FA409A8123E96B160027BD0F /* TestProjectUITests.swift in Sources */ = {isa = PBXBuildFile; fileRef = FA409A8023E96B160027BD0F /* TestProjectUITests.swift */; };
/* End PBXBuildFile section */

/* Begin PBXContainerItemProxy section */
		FA409A7223E96B160027BD0F /* PBXContainerItemProxy */ = {
			isa = PBXContainerItemProxy;
			containerPortal = FA409A5323E96B150027BD0F /* Project object */;
			proxyType = 1;
			remoteGlobalIDString = FA409A5A23E96B150027BD0F;
			remoteInfo = TestProject;
		};
		FA409A7D23E96B160027BD0F /* PBXContainerItemProxy */ = {
			isa = PBXContainerItemProxy;
			containerPortal = FA409A5323E96B150027BD0F /* Project object */;
			proxyType = 1;
			remoteGlobalIDString = FA409A5A23E96B150027BD0F;
			remoteInfo = TestProject;
		};
/* End PBXContainerItemProxy section */

/* Begin PBXFileReference section */
		FA409A5B23E96B150027BD0F /* TestProject.app */ = {isa = PBXFileReference; explicitFileType = wrapper.application; includeInIndex = 0; path = TestProject.app; sourceTree = BUILT_PRODUCTS_DIR; };
		FA409A5E23E96B150027BD0F /* AppDelegate.swift */ = {isa = PBXFileReference; lastKnownFileType = sourcecode.swift; path = AppDelegate.swift; sourceTree = "<group>"; };
		FA409A6023E96B150027BD0F /* SceneDelegate.swift */ = {isa = PBXFileReference; lastKnownFileType = sourcecode.swift; path = SceneDelegate.swift; sourceTree = "<group>"; };
		FA409A6223E96B150027BD0F /* ViewController.swift */ = {isa = PBXFileReference; lastKnownFileType = sourcecode.swift; path = ViewController.swift; sourceTree = "<group>"; };
		FA409A6523E96B150027BD0F /* Base */ = {isa = PBXFileReference; lastKnownFileType = file.storyboard; name = Base; path = Base.lproj/Main.storyboard; sourceTree = "<group>"; };
		FA409A6723E96B160027BD0F /* Assets.xcassets */ = {isa = PBXFileReference; lastKnownFileType = folder.assetcatalog; path = Assets.xcassets; sourceTree = "<group>"; };
		FA409A6A23E96B160027BD0F /* Base */ = {isa = PBXFileReference; lastKnownFileType = file.storyboard; name = Base; path = Base.lproj/LaunchScreen.storyboard; sourceTree = "<group>"; };
		FA409A6C23E96B160027BD0F /* Info.plist */ = {isa = PBXFileReference; lastKnownFileType = text.plist.xml; path = Info.plist; sourceTree = "<group>"; };
		FA409A7123E96B160027BD0F /* TestProjectTests.xctest */ = {isa = PBXFileReference; explicitFileType = wrapper.cfbundle; includeInIndex = 0; path = TestProjectTests.xctest; sourceTree = BUILT_PRODUCTS_DIR; };
		FA409A7523E96B160027BD0F /* TestProjectTests.swift */ = {isa = PBXFileReference; lastKnownFileType = sourcecode.swift; path = TestProjectTests.swift; sourceTree = "<group>"; };
		FA409A7723E96B160027BD0F /* Info.plist */ = {isa = PBXFileReference; lastKnownFileType = text.plist.xml; path = Info.plist; sourceTree = "<group>"; };
		FA409A7C23E96B160027BD0F /* TestProjectUITests.xctest */ = {isa = PBXFileReference; explicitFileType = wrapper.cfbundle; includeInIndex = 0; path = TestProjectUITests.xctest; sourceTree = BUILT_PRODUCTS_DIR; };
		FA409A8023E96B160027BD0F /* TestProjectUITests.swift */ = {isa = PBXFileReference; lastKnownFileType = sourcecode.swift; path = TestProjectUITests.swift; sourceTree = "<group>"; };
		FA409A8223E96B160027BD0F /* Info.plist */ = {isa = PBXFileReference; lastKnownFileType = text.plist.xml; path = Info.plist; sourceTree = "<group>"; };
/* End PBXFileReference section */

/* Begin PBXFrameworksBuildPhase section */
		FA409A5823E96B150027BD0F /* Frameworks */ = {
			isa = PBXFrameworksBuildPhase;
			buildActionMask = 2147483647;
			files = (
			);
			runOnlyForDeploymentPostprocessing = 0;
		};
		FA409A6E23E96B160027BD0F /* Frameworks */ = {
			isa = PBXFrameworksBuildPhase;
			buildActionMask = 2147483647;
			files = (
			);
			runOnlyForDeploymentPostprocessing = 0;
		};
		FA409A7923E96B160027BD0F /* Frameworks */ = {
			isa = PBXFrameworksBuildPhase;
			buildActionMask = 2147483647;
			files = (
			);
			runOnlyForDeploymentPostprocessing = 0;
		};
/* End PBXFrameworksBuildPhase section */

/* Begin PBXGroup section */
		FA409A5223E96B150027BD0F = {
			isa = PBXGroup;
			children = (
				FA409A5D23E96B150027BD0F /* TestProject */,
				FA409A7423E96B160027BD0F /* TestProjectTests */,
				FA409A7F23E96B160027BD0F /* TestProjectUITests */,
				FA409A5C23E96B150027BD0F /* Products */,
			);
			sourceTree = "<group>";
		};
		FA409A5C23E96B150027BD0F /* Products */ = {
			isa = PBXGroup;
			children = (
				FA409A5B23E96B150027BD0F /* TestProject.app */,
				FA409A7123E96B160027BD0F /* TestProjectTests.xctest */,
				FA409A7C23E96B160027BD0F /* TestProjectUITests.xctest */,
			);
			name = Products;
			sourceTree = "<group>";
		};
		FA409A5D23E96B150027BD0F /* TestProject */ = {
			isa = PBXGroup;
			children = (
				FA409A5E23E96B150027BD0F /* AppDelegate.swift */,
				FA409A6023E96B150027BD0F /* SceneDelegate.swift */,
				FA409A6223E96B150027BD0F /* ViewController.swift */,
				FA409A6423E96B150027BD0F /* Main.storyboard */,
				FA409A6723E96B160027BD0F /* Assets.xcassets */,
				FA409A6923E96B160027BD0F /* LaunchScreen.storyboard */,
				FA409A6C23E96B160027BD0F /* Info.plist */,
			);
			path = TestProject;
			sourceTree = "<group>";
		};
		FA409A7423E96B160027BD0F /* TestProjectTests */ = {
			isa = PBXGroup;
			children = (
				FA409A7523E96B160027BD0F /* TestProjectTests.swift */,
				FA409A7723E96B160027BD0F /* Info.plist */,
			);
			path = TestProjectTests;
			sourceTree = "<group>";
		};
		FA409A7F23E96B160027BD0F /* TestProjectUITests */ = {
			isa = PBXGroup;
			children = (
				FA409A8023E96B160027BD0F /* TestProjectUITests.swift */,
				FA409A8223E96B160027BD0F /* Info.plist */,
			);
			path = TestProjectUITests;
			sourceTree = "<group>";
		};
/* End PBXGroup section */

/* Begin PBXNativeTarget section */
		FA409A5A23E96B150027BD0F /* TestProject */ = {
			isa = PBXNativeTarget;
			buildConfigurationList = FA409A8523E96B160027BD0F /* Build configuration list for PBXNativeTarget "TestProject" */;
			buildPhases = (
				FA409A5723E96B150027BD0F /* Sources */,
				FA409A5823E96B150027BD0F /* Frameworks */,
				FA409A5923E96B150027BD0F /* Resources */,
			);
			buildRules = (
			);
			dependencies = (
			);
			name = TestProject;
			productName = TestProject;
			productReference = FA409A5B23E96B150027BD0F /* TestProject.app */;
			productType = "com.apple.product-type.application";
		};
		FA409A7023E96B160027BD0F /* TestProjectTests */ = {
			isa = PBXNativeTarget;
			buildConfigurationList = FA409A8823E96B160027BD0F /* Build configuration list for PBXNativeTarget "TestProjectTests" */;
			buildPhases = (
				FA409A6D23E96B160027BD0F /* Sources */,
				FA409A6E23E96B160027BD0F /* Frameworks */,
				FA409A6F23E96B160027BD0F /* Resources */,
			);
			buildRules = (
			);
			dependencies = (
				FA409A7323E96B160027BD0F /* PBXTargetDependency */,
			);
			name = TestProjectTests;
			productName = TestProjectTests;
			productReference = FA409A7123E96B160027BD0F /* TestProjectTests.xctest */;
			productType = "com.apple.product-type.bundle.unit-test";
		};
		FA409A7B23E96B160027BD0F /* TestProjectUITests */ = {
			isa = PBXNativeTarget;
			buildConfigurationList = FA409A8B23E96B160027BD0F /* Build configuration list for PBXNativeTarget "TestProjectUITests" */;
			buildPhases = (
				FA409A7823E96B160027BD0F /* Sources */,
				FA409A7923E96B160027BD0F /* Frameworks */,
				FA409A7A23E96B160027BD0F /* Resources */,
			);
			buildRules = (
			);
			dependencies = (
				FA409A7E23E96B160027BD0F /* PBXTargetDependency */,
			);
			name = TestProjectUITests;
			productName = TestProjectUITests;
			productReference = FA409A7C23E96B160027BD0F /* TestProjectUITests.xctest */;
			productType = "com.apple.product-type.bundle.ui-testing";
		};
/* End PBXNativeTarget section */

/* Begin PBXProject section */
		FA409A5323E96B150027BD0F /* Project object */ = {
			isa = PBXProject;
			attributes = {
				LastSwiftUpdateCheck = 1130;
				LastUpgradeCheck = 1130;
				ORGANIZATIONNAME = "Andrea Claro";
				TargetAttributes = {
					FA409A5A23E96B150027BD0F = {
						CreatedOnToolsVersion = 11.3.1;
					};
					FA409A7023E96B160027BD0F = {
						CreatedOnToolsVersion = 11.3.1;
						TestTargetID = FA409A5A23E96B150027BD0F;
					};
					FA409A7B23E96B160027BD0F = {
						CreatedOnToolsVersion = 11.3.1;
						TestTargetID = FA409A5A23E96B150027BD0F;
					};
				};
			};
			buildConfigurationList = FA409A5623E96B150027BD0F /* Build configuration list for PBXProject "TestProject" */;
			compatibilityVersion = "Xcode 9.3";
			developmentRegion = en;
			hasScannedForEncodings = 0;
			knownRegions = (
				en,
				Base,
			);
			mainGroup = FA409A5223E96B150027BD0F;
			productRefGroup = FA409A5C23E96B150027BD0F /* Products */;
			projectDirPath = "";
			projectRoot = "";
			targets = (
				FA409A5A23E96B150027BD0F /* TestProject */,
				FA409A7023E96B160027BD0F /* TestProjectTests */,
				FA409A7B23E96B160027BD0F /* TestProjectUITests */,
			);
		};
/* End PBXProject section */

/* Begin PBXResourcesBuildPhase section */
		FA409A5923E96B150027BD0F /* Resources */ = {
			isa = PBXResourcesBuildPhase;
			buildActionMask = 2147483647;
			files = (
				FA409A6B23E96B160027BD0F /* LaunchScreen.storyboard in Resources */,
				FA409A6823E96B160027BD0F /* Assets.xcassets in Resources */,
				FA409A6623E96B150027BD0F /* Main.storyboard in Resources */,
			);
			runOnlyForDeploymentPostprocessing = 0;
		};
		FA409A6F23E96B160027BD0F /* Resources */ = {
			isa = PBXResourcesBuildPhase;
			buildActionMask = 2147483647;
			files = (
			);
			runOnlyForDeploymentPostprocessing = 0;
		};
		FA409A7A23E96B160027BD0F /* Resources */ = {
			isa = PBXResourcesBuildPhase;
			buildActionMask = 2147483647;
			files = (
			);
			runOnlyForDeploymentPostprocessing = 0;
		};
/* End PBXResourcesBuildPhase section */

/* Begin PBXSourcesBuildPhase section */
		FA409A5723E96B150027BD0F /* Sources */ = {
			isa = PBXSourcesBuildPhase;
			buildActionMask = 2147483647;
			files = (
				FA409A6323E96B150027BD0F /* ViewController.swift in Sources */,
				FA409A5F23E96B150027BD0F /* AppDelegate.swift in Sources */,
				FA409A6123E96B150027BD0F /* SceneDelegate.swift in Sources */,
			);
			runOnlyForDeploymentPostprocessing = 0;
		};
		FA409A6D23E96B160027BD0F /* Sources */ = {
			isa = PBXSourcesBuildPhase;
			buildActionMask = 2147483647;
			files = (
				FA409A7623E96B160027BD0F /* TestProjectTests.swift in Sources */,
			);
			runOnlyForDeploymentPostprocessing = 0;
		};
		FA409A7823E96B160027BD0F /* Sources */ = {
			isa = PBXSourcesBuildPhase;
			buildActionMask = 2147483647;
			files = (
				FA409A8123E96B160027BD0F /* TestProjectUITests.swift in Sources */,
			);
			runOnlyForDeploymentPostprocessing = 0;
		};
/* End PBXSourcesBuildPhase section */

/* Begin PBXTargetDependency section */
		FA409A7323E96B160027BD0F /* PBXTargetDependency */ = {
			isa = PBXTargetDependency;
			target = FA409A5A23E96B150027BD0F /* TestProject */;
			targetProxy = FA409A7223E96B160027BD0F /* PBXContainerItemProxy */;
		};
		FA409A7E23E96B160027BD0F /* PBXTargetDependency */ = {
			isa = PBXTargetDependency;
			target = FA409A5A23E96B150027BD0F /* TestProject */;
			targetProxy = FA409A7D23E96B160027BD0F /* PBXContainerItemProxy */;
		};
/* End PBXTargetDependency section */

/* Begin PBXVariantGroup section */
		FA409A6423E96B150027BD0F /* Main.storyboard */ = {
			isa = PBXVariantGroup;
			children = (
				FA409A6523E96B150027BD0F /* Base */,
			);
			name = Main.storyboard;
			sourceTree = "<group>";
		};
		FA409A6923E96B160027BD0F /* LaunchScreen.storyboard */ = {
			isa = PBXVariantGroup;
			children = (
				FA409A6A23E96B160027BD0F /* Base */,
			);
			name = LaunchScreen.storyboard;
			sourceTree = "<group>";
		};
/* End PBXVariantGroup section */

/* Begin XCBuildConfiguration section */
		FA409A8323E96B160027BD0F /* Debug */ = {
			isa = XCBuildConfiguration;
			buildSettings = {
				ALWAYS_SEARCH_USER_PATHS = NO;
				CLANG_ANALYZER_NONNULL = YES;
				CLANG_ANALYZER_NUMBER_OBJECT_CONVERSION = YES_AGGRESSIVE;
				CLANG_CXX_LANGUAGE_STANDARD = "gnu++14";
				CLANG_CXX_LIBRARY = "libc++";
				CLANG_ENABLE_MODULES = YES;
				CLANG_ENABLE_OBJC_ARC = YES;
				CLANG_ENABLE_OBJC_WEAK = YES;
				CLANG_WARN_BLOCK_CAPTURE_AUTORELEASING = YES;
				CLANG_WARN_BOOL_CONVERSION = YES;
				CLANG_WARN_COMMA = YES;
				CLANG_WARN_CONSTANT_CONVERSION = YES;
				CLANG_WARN_DEPRECATED_OBJC_IMPLEMENTATIONS = YES;
				CLANG_WARN_DIRECT_OBJC_ISA_USAGE = YES_ERROR;
				CLANG_WARN_DOCUMENTATION_COMMENTS = YES;
				CLANG_WARN_EMPTY_BODY = YES;
				CLANG_WARN_ENUM_CONVERSION = YES;
				CLANG_WARN_INFINITE_RECURSION = YES;
				CLANG_WARN_INT_CONVERSION = YES;
				CLANG_WARN_NON_LITERAL_NULL_CONVERSION = YES;
				CLANG_WARN_OBJC_IMPLICIT_RETAIN_SELF = YES;
				CLANG_WARN_OBJC_LITERAL_CONVERSION = YES;
				CLANG_WARN_OBJC_ROOT_CLASS = YES_ERROR;
				CLANG_WARN_RANGE_LOOP_ANALYSIS = YES;
				CLANG_WARN_STRICT_PROTOTYPES = YES;
				CLANG_WARN_SUSPICIOUS_MOVE = YES;
				CLANG_WARN_UNGUARDED_AVAILABILITY = YES_AGGRESSIVE;
				CLANG_WARN_UNREACHABLE_CODE = YES;
				CLANG_WARN__DUPLICATE_METHOD_MATCH = YES;
				COPY_PHASE_STRIP = NO;
				DEBUG_INFORMATION_FORMAT = dwarf;
				ENABLE_STRICT_OBJC_MSGSEND = YES;
				ENABLE_TESTABILITY = YES;
				GCC_C_LANGUAGE_STANDARD = gnu11;
				GCC_DYNAMIC_NO_PIC = NO;
				GCC_NO_COMMON_BLOCKS = YES;
				GCC_OPTIMIZATION_LEVEL = 0;
				GCC_PREPROCESSOR_DEFINITIONS = (
					"DEBUG=1",
					"$(inherited)",
				);
				GCC_WARN_64_TO_32_BIT_CONVERSION = YES;
				GCC_WARN_ABOUT_RETURN_TYPE = YES_ERROR;
				GCC_WARN_UNDECLARED_SELECTOR = YES;
				GCC_WARN_UNINITIALIZED_AUTOS = YES_AGGRESSIVE;
				GCC_WARN_UNUSED_FUNCTION = YES;
				GCC_WARN_UNUSED_VARIABLE = YES;
				IPHONEOS_DEPLOYMENT_TARGET = 13.2;
				MTL_ENABLE_DEBUG_INFO = INCLUDE_SOURCE;
				MTL_FAST_MATH = YES;
				ONLY_ACTIVE_ARCH = YES;
				SDKROOT = iphoneos;
				SWIFT_ACTIVE_COMPILATION_CONDITIONS = DEBUG;
				SWIFT_OPTIMIZATION_LEVEL = "-Onone";
			};
			name = Debug;
		};
		FA409A8423E96B160027BD0F /* Release */ = {
			isa = XCBuildConfiguration;
			buildSettings = {
				ALWAYS_SEARCH_USER_PATHS = NO;
				CLANG_ANALYZER_NONNULL = YES;
				CLANG_ANALYZER_NUMBER_OBJECT_CONVERSION = YES_AGGRESSIVE;
				CLANG_CXX_LANGUAGE_STANDARD = "gnu++14";
				CLANG_CXX_LIBRARY = "libc++";
				CLANG_ENABLE_MODULES = YES;
				CLANG_ENABLE_OBJC_ARC = YES;
				CLANG_ENABLE_OBJC_WEAK = YES;
				CLANG_WARN_BLOCK_CAPTURE_AUTORELEASING = YES;
				CLANG_WARN_BOOL_CONVERSION = YES;
				CLANG_WARN_COMMA = YES;
				CLANG_WARN_CONSTANT_CONVERSION = YES;
				CLANG_WARN_DEPRECATED_OBJC_IMPLEMENTATIONS = YES;
				CLANG_WARN_DIRECT_OBJC_ISA_USAGE = YES_ERROR;
				CLANG_WARN_DOCUMENTATION_COMMENTS = YES;
				CLANG_WARN_EMPTY_BODY = YES;
				CLANG_WARN_ENUM_CONVERSION = YES;
				CLANG_WARN_INFINITE_RECURSION = YES;
				CLANG_WARN_INT_CONVERSION = YES;
				CLANG_WARN_NON_LITERAL_NULL_CONVERSION = YES;
				CLANG_WARN_OBJC_IMPLICIT_RETAIN_SELF = YES;
				CLANG_WARN_OBJC_LITERAL_CONVERSION = YES;
				CLANG_WARN_OBJC_ROOT_CLASS = YES_ERROR;
				CLANG_WARN_RANGE_LOOP_ANALYSIS = YES;
				CLANG_WARN_STRICT_PROTOTYPES = YES;
				CLANG_WARN_SUSPICIOUS_MOVE = YES;
				CLANG_WARN_UNGUARDED_AVAILABILITY = YES_AGGRESSIVE;
				CLANG_WARN_UNREACHABLE_CODE = YES;
				CLANG_WARN__DUPLICATE_METHOD_MATCH = YES;
				COPY_PHASE_STRIP = NO;
				DEBUG_INFORMATION_FORMAT = "dwarf-with-dsym";
				ENABLE_NS_ASSERTIONS = NO;
				ENABLE_STRICT_OBJC_MSGSEND = YES;
				GCC_C_LANGUAGE_STANDARD = gnu11;
				GCC_NO_COMMON_BLOCKS = YES;
				GCC_WARN_64_TO_32_BIT_CONVERSION = YES;
				GCC_WARN_ABOUT_RETURN_TYPE = YES_ERROR;
				GCC_WARN_UNDECLARED_SELECTOR = YES;
				GCC_WARN_UNINITIALIZED_AUTOS = YES_AGGRESSIVE;
				GCC_WARN_UNUSED_FUNCTION = YES;
				GCC_WARN_UNUSED_VARIABLE = YES;
				IPHONEOS_DEPLOYMENT_TARGET = 13.2;
				MTL_ENABLE_DEBUG_INFO = NO;
				MTL_FAST_MATH = YES;
				SDKROOT = iphoneos;
				SWIFT_COMPILATION_MODE = wholemodule;
				SWIFT_OPTIMIZATION_LEVEL = "-O";
				VALIDATE_PRODUCT = YES;
			};
			name = Release;
		};
		FA409A8623E96B160027BD0F /* Debug */ = {
			isa = XCBuildConfiguration;
			buildSettings = {
				ASSETCATALOG_COMPILER_APPICON_NAME = AppIcon;
				CODE_SIGN_STYLE = Automatic;
				DEVELOPMENT_TEAM = 4F3S2X97KC;
				INFOPLIST_FILE = TestProject/Info.plist;
				LD_RUNPATH_SEARCH_PATHS = (
					"$(inherited)",
					"@executable_path/Frameworks",
				);
				PRODUCT_BUNDLE_IDENTIFIER = FondationAccademy.TestProject;
				PRODUCT_NAME = "$(TARGET_NAME)";
				SWIFT_VERSION = 5.0;
				TARGETED_DEVICE_FAMILY = "1,2";
			};
			name = Debug;
		};
		FA409A8723E96B160027BD0F /* Release */ = {
			isa = XCBuildConfiguration;
			buildSettings = {
				ASSETCATALOG_COMPILER_APPICON_NAME = AppIcon;
				CODE_SIGN_STYLE = Automatic;
				DEVELOPMENT_TEAM = 4F3S2X97KC;
				INFOPLIST_FILE = TestProject/Info.plist;
				LD_RUNPATH_SEARCH_PATHS = (
					"$(inherited)",
					"@executable_path/Frameworks",
				);
				PRODUCT_BUNDLE_IDENTIFIER = FondationAccademy.TestProject;
				PRODUCT_NAME = "$(TARGET_NAME)";
				SWIFT_VERSION = 5.0;
				TARGETED_DEVICE_FAMILY = "1,2";
			};
			name = Release;
		};
		FA409A8923E96B160027BD0F /* Debug */ = {
			isa = XCBuildConfiguration;
			buildSettings = {
				ALWAYS_EMBED_SWIFT_STANDARD_LIBRARIES = YES;
				BUNDLE_LOADER = "$(TEST_HOST)";
				"CODE_SIGN_IDENTITY[sdk=macosx*]" = "-";
				CODE_SIGN_STYLE = Automatic;
				DEVELOPMENT_TEAM = 4F3S2X97KC;
				INFOPLIST_FILE = TestProjectTests/Info.plist;
				IPHONEOS_DEPLOYMENT_TARGET = 13.2;
				LD_RUNPATH_SEARCH_PATHS = (
					"$(inherited)",
					"@executable_path/Frameworks",
					"@loader_path/Frameworks",
				);
				PRODUCT_BUNDLE_IDENTIFIER = FondationAccademy.TestProjectTests;
				PRODUCT_NAME = "$(TARGET_NAME)";
				SWIFT_VERSION = 5.0;
				TARGETED_DEVICE_FAMILY = "1,2";
				TEST_HOST = "$(BUILT_PRODUCTS_DIR)/TestProject.app/TestProject";
			};
			name = Debug;
		};
		FA409A8A23E96B160027BD0F /* Release */ = {
			isa = XCBuildConfiguration;
			buildSettings = {
				ALWAYS_EMBED_SWIFT_STANDARD_LIBRARIES = YES;
				BUNDLE_LOADER = "$(TEST_HOST)";
				"CODE_SIGN_IDENTITY[sdk=macosx*]" = "-";
				CODE_SIGN_STYLE = Automatic;
				DEVELOPMENT_TEAM = 4F3S2X97KC;
				INFOPLIST_FILE = TestProjectTests/Info.plist;
				IPHONEOS_DEPLOYMENT_TARGET = 13.2;
				LD_RUNPATH_SEARCH_PATHS = (
					"$(inherited)",
					"@executable_path/Frameworks",
					"@loader_path/Frameworks",
				);
				PRODUCT_BUNDLE_IDENTIFIER = FondationAccademy.TestProjectTests;
				PRODUCT_NAME = "$(TARGET_NAME)";
				SWIFT_VERSION = 5.0;
				TARGETED_DEVICE_FAMILY = "1,2";
				TEST_HOST = "$(BUILT_PRODUCTS_DIR)/TestProject.app/TestProject";
			};
			name = Release;
		};
		FA409A8C23E96B160027BD0F /* Debug */ = {
			isa = XCBuildConfiguration;
			buildSettings = {
				ALWAYS_EMBED_SWIFT_STANDARD_LIBRARIES = YES;
				CODE_SIGN_STYLE = Automatic;
				INFOPLIST_FILE = TestProjectUITests/Info.plist;
				LD_RUNPATH_SEARCH_PATHS = (
					"$(inherited)",
					"@executable_path/Frameworks",
					"@loader_path/Frameworks",
				);
				PRODUCT_BUNDLE_IDENTIFIER = FondationAccademy.TestProjectUITests;
				PRODUCT_NAME = "$(TARGET_NAME)";
				SWIFT_VERSION = 5.0;
				TARGETED_DEVICE_FAMILY = "1,2";
				TEST_TARGET_NAME = TestProject;
			};
			name = Debug;
		};
		FA409A8D23E96B160027BD0F /* Release */ = {
			isa = XCBuildConfiguration;
			buildSettings = {
				ALWAYS_EMBED_SWIFT_STANDARD_LIBRARIES = YES;
				"CODE_SIGN_IDENTITY[sdk=macosx*]" = "-";
				CODE_SIGN_STYLE = Automatic;
				DEVELOPMENT_TEAM = 4F3S2X97KC;
				INFOPLIST_FILE = TestProjectUITests/Info.plist;
				LD_RUNPATH_SEARCH_PATHS = (
					"$(inherited)",
					"@executable_path/Frameworks",
					"@loader_path/Frameworks",
				);
				PRODUCT_BUNDLE_IDENTIFIER = FondationAccademy.TestProjectUITests;
				PRODUCT_NAME = "$(TARGET_NAME)";
				SWIFT_VERSION = 5.0;
				TARGETED_DEVICE_FAMILY = "1,2";
				TEST_TARGET_NAME = TestProject;
			};
			name = Release;
		};
/* End XCBuildConfiguration section */

/* Begin XCConfigurationList section */
		FA409A5623E96B150027BD0F /* Build configuration list for PBXProject "TestProject" */ = {
			isa = XCConfigurationList;
			buildConfigurations = (
				FA409A8323E96B160027BD0F /* Debug */,
				FA409A8423E96B160027BD0F /* Release */,
			);
			defaultConfigurationIsVisible = 0;
			defaultConfigurationName = Release;
		};
		FA409A8523E96B160027BD0F /* Build configuration list for PBXNativeTarget "TestProject" */ = {
			isa = XCConfigurationList;
			buildConfigurations = (
				FA409A8623E96B160027BD0F /* Debug */,
				FA409A8723E96B160027BD0F /* Release */,
			);
			defaultConfigurationIsVisible = 0;
			defaultConfigurationName = Release;
		};
		FA409A8823E96B160027BD0F /* Build configuration list for PBXNativeTarget "TestProjectTests" */ = {
			isa = XCConfigurationList;
			buildConfigurations = (
				FA409A8923E96B160027BD0F /* Debug */,
				FA409A8A23E96B160027BD0F /* Release */,
			);
			defaultConfigurationIsVisible = 0;
			defaultConfigurationName = Release;
		};
		FA409A8B23E96B160027BD0F /* Build configuration list for PBXNativeTarget "TestProjectUITests" */ = {
			isa = XCConfigurationList;
			buildConfigurations = (
				FA409A8C23E96B160027BD0F /* Debug */,
				FA409A8D23E96B160027BD0F /* Release */,
			);
			defaultConfigurationIsVisible = 0;
			defaultConfigurationName = Release;
		};
/* End XCConfigurationList section */
	};
	rootObject = FA409A5323E96B150027BD0F /* Project object */;
}
